
Microsoft Visual Studio Solution File, Format Version 12.00
# Visual Studio Version 16
VisualStudioVersion = 16.0.31313.79
MinimumVisualStudioVersion = 10.0.40219.1
Project("{FAE04EC0-301F-11D3-BF4B-00C04F79EFBC}") = "SL-OStim conversion tool", "SL-OStim conversion tool\SL-OStim conversion tool.csproj", "{5C124223-8BB7-4E32-9BB9-4B24F3C95B8B}"
EndProject
Global
	GlobalSection(SolutionConfigurationPlatforms) = preSolution
		Debug|Any CPU = Debug|Any CPU
		Release|Any CPU = Release|Any CPU
	EndGlobalSection
	GlobalSection(ProjectConfigurationPlatforms) = postSolution
		{5C124223-8BB7-4E32-9BB9-4B24F3C95B8B}.Debug|Any CPU.ActiveCfg = Debug|Any CPU
		{5C124223-8BB7-4E32-9BB9-4B24F3C95B8B}.Debug|Any CPU.Build.0 = Debug|Any CPU
		{5C124223-8BB7-4E32-9BB9-4B24F3C95B8B}.Release|Any CPU.ActiveCfg = Release|Any CPU
		{5C124223-8BB7-4E32-9BB9-4B24F3C95B8B}.Release|Any CPU.Build.0 = Release|Any CPU
	EndGlobalSection
	GlobalSection(SolutionProperties) = preSolution
		HideSolutionNode = FALSE
	EndGlobalSection
	GlobalSection(ExtensibilityGlobals) = postSolution
		SolutionGuid = {1BE31EF7-DB45-4224-81EB-F7B0E9465F60}
	EndGlobalSection
EndGlobal
